{
  "name": "gsd-me",
  "version": "5.1.0",
  "lockfileVersion": 3,
  "requires": true,
  "packages": {
    "": {
      "name": "gsd-me",
      "version": "5.1.0",
      "dependencies": {
        "@ff-labs/fff-node": "^0.7.0",
        "@kreuzberg/tree-sitter-language-pack": "^1.6.2"
      },
      "devDependencies": {
        "husky": "^9.1.7",
        "lint-staged": "^16.4.0",
        "prettier": "^3.8.3"
      }
    },
    "node_modules/@ff-labs/fff-bin-darwin-arm64": {
      "version": "0.7.0",
      "resolved": "https://registry.npmjs.org/@ff-labs/fff-bin-darwin-arm64/-/fff-bin-darwin-arm64-0.7.0.tgz",
      "integrity": "sha512-UFs8BGwtcnHb849QsTLkaOdT0xSG+NM/mLz06YvS07t4RCdRSgHTJy/Ah0xElnODQrOsZc5YBxc8pE4vB4h7QA==",
      "cpu": [
        "arm64"
      ],
      "license": "MIT",
      "optional": true,
      "os": [
        "darwin"
      ]
    },
    "node_modules/@ff-labs/fff-bin-darwin-x64": {
      "version": "0.7.0",
      "resolved": "https://registry.npmjs.org/@ff-labs/fff-bin-darwin-x64/-/fff-bin-darwin-x64-0.7.0.tgz",
      "integrity": "sha512-SHHiTp+NlFtlO1kHJ8iOtbAatW+dt6TJItmAoF0eFhgsziZ7FFT8NuSTC77QcEpeENAytNsI1A49/Z3UodmWhA==",
      "cpu": [
        "x64"
      ],
      "license": "MIT",
      "optional": true,
      "os": [
        "darwin"
      ]
    },
    "node_modules/@ff-labs/fff-bin-linux-arm64-gnu": {
      "version": "0.7.0",
      "resolved": "https://registry.npmjs.org/@ff-labs/fff-bin-linux-arm64-gnu/-/fff-bin-linux-arm64-gnu-0.7.0.tgz",
      "integrity": "sha512-Ipw5db0AxW42WHG92idUQlLFaaPcyzOv+fO4vEUX+/i+OjDA9IwDJMZ0K53ofqZTfvpaysgRt0SB8Daq+ypKsA==",
      "cpu": [
        "arm64"
      ],
      "license": "MIT",
      "optional": true,
      "os": [
        "linux"
      ]
    },
    "node_modules/@ff-labs/fff-bin-linux-arm64-musl": {
      "version": "0.7.0",
      "resolved": "https://registry.npmjs.org/@ff-labs/fff-bin-linux-arm64-musl/-/fff-bin-linux-arm64-musl-0.7.0.tgz",
      "integrity": "sha512-lLYd92m2CsvM4FOkMrYPKTrHlf124yY7/IhWGdazOScZN18AHjhDNAxp0Vy01XoSHh5COkgB51Fa2aT95B2FTQ==",
      "cpu": [
        "arm64"
      ],
      "license": "MIT",
      "optional": true,
      "os": [
        "linux"
      ]
    },
    "node_modules/@ff-labs/fff-bin-linux-x64-gnu": {
      "version": "0.7.0",
      "resolved": "https://registry.npmjs.org/@ff-labs/fff-bin-linux-x64-gnu/-/fff-bin-linux-x64-gnu-0.7.0.tgz",
      "integrity": "sha512-x+1SIK3mjZXFhzSQrcBqIJgo4UpPSACzKROOcT2PwoBpkERkY9iwI068uRMnZREEycBfF5/6Uf6qDVW51SuesA==",
      "cpu": [
        "x64"
      ],
      "license": "MIT",
      "optional": true,
      "os": [
        "linux"
      ]
    },
    "node_modules/@ff-labs/fff-bin-linux-x64-musl": {
      "version": "0.7.0",
      "resolved": "https://registry.npmjs.org/@ff-labs/fff-bin-linux-x64-musl/-/fff-bin-linux-x64-musl-0.7.0.tgz",
      "integrity": "sha512-Rfs+o+m6Kz2AO+UwMXxlKZbpj0QdnCI3O1/y7+HAVIEtLs8Y5NoGgtKWFsvk1pUSsuT4gjm5GJ4ANja57jd/6Q==",
      "cpu": [
        "x64"
      ],
      "license": "MIT",
      "optional": true,
      "os": [
        "linux"
      ]
    },
    "node_modules/@ff-labs/fff-bin-win32-arm64": {
      "version": "0.7.0",
      "resolved": "https://registry.npmjs.org/@ff-labs/fff-bin-win32-arm64/-/fff-bin-win32-arm64-0.7.0.tgz",
      "integrity": "sha512-wxkRHhze1+klOXKZ3HEZsW+U56n2zCnwrf0BcPIxH7Fsc3NXVuZjfBrKlfDylEnLvzXN3vy1gIbtWeTiWkR4rw==",
      "cpu": [
        "arm64"
      ],
      "license": "MIT",
      "optional": true,
      "os": [
        "win32"
      ]
    },
    "node_modules/@ff-labs/fff-bin-win32-x64": {
      "version": "0.7.0",
      "resolved": "https://registry.npmjs.org/@ff-labs/fff-bin-win32-x64/-/fff-bin-win32-x64-0.7.0.tgz",
      "integrity": "sha512-EjV5xOM1MhHOzwQtvnr1pz+FgtmtuEnddBGz92KMaQYuxuZSPTexzcICOzzJA6JW9Vdz0kFvOGJo9heRNwUbQQ==",
      "cpu": [
        "x64"
      ],
      "license": "MIT",
      "optional": true,
      "os": [
        "win32"
      ]
    },
    "node_modules/@ff-labs/fff-node": {
      "version": "0.7.0",
      "resolved": "https://registry.npmjs.org/@ff-labs/fff-node/-/fff-node-0.7.0.tgz",
      "integrity": "sha512-iATIZb2jPzN0/OFQF2z9OZluX8sb7JX4Y2QlI/OGu0B/UbcQlYyvMB2kDUk4dm4v576oPzAEK+ubco+uNsSxYQ==",
      "cpu": [
        "x64",
        "arm64"
      ],
      "license": "MIT",
      "os": [
        "darwin",
        "linux",
        "win32"
      ],
      "dependencies": {
        "ffi-rs": "^1.0.0"
      },
      "engines": {
        "node": ">=18.0.0"
      },
      "optionalDependencies": {
        "@ff-labs/fff-bin-darwin-arm64": "0.7.0",
        "@ff-labs/fff-bin-darwin-x64": "0.7.0",
        "@ff-labs/fff-bin-linux-arm64-gnu": "0.7.0",
        "@ff-labs/fff-bin-linux-arm64-musl": "0.7.0",
        "@ff-labs/fff-bin-linux-x64-gnu": "0.7.0",
        "@ff-labs/fff-bin-linux-x64-musl": "0.7.0",
        "@ff-labs/fff-bin-win32-arm64": "0.7.0",
        "@ff-labs/fff-bin-win32-x64": "0.7.0"
      }
    },
    "node_modules/@kreuzberg/tree-sitter-language-pack": {
      "version": "1.6.2",
      "resolved": "https://registry.npmjs.org/@kreuzberg/tree-sitter-language-pack/-/tree-sitter-language-pack-1.6.2.tgz",
      "integrity": "sha512-fvdXInOPoqFXgtpLGgaSaStCEEv07VzqnL3COFgfuc+HqlyMguU//y+URCJAHHj9EvrQPySEW+k8bXVQPECTnw==",
      "license": "MIT",
      "engines": {
        "node": ">= 16"
      }
    },
    "node_modules/@yuuang/ffi-rs-android-arm64": {
      "version": "1.3.2",
      "resolved": "https://registry.npmjs.org/@yuuang/ffi-rs-android-arm64/-/ffi-rs-android-arm64-1.3.2.tgz",
      "integrity": "sha512-eDYLT0kVBkp7e2BwdRDmt6N1rkeDPUHDefk3ZX0/nok+GLsqfy1WBoSL3Yg7HVXN1EyW8OBVc2uK8Zq8HbmaSA==",
      "cpu": [
        "arm64"
      ],
      "license": "MIT",
      "optional": true,
      "os": [
        "android"
      ],
      "engines": {
        "node": ">= 12"
      }
    },
    "node_modules/@yuuang/ffi-rs-darwin-arm64": {
      "version": "1.3.2",
      "resolved": "https://registry.npmjs.org/@yuuang/ffi-rs-darwin-arm64/-/ffi-rs-darwin-arm64-1.3.2.tgz",
      "integrity": "sha512-kRdgPaOM6TfuC5wHUwstlatk4HNie2lwSLJWQL2LiAUIJ7+96CoiWUNVhwBcFrhdfxhnWenYS6F668CV0vit8Q==",
      "cpu": [
        "arm64"
      ],
      "license": "MIT",
      "optional": true,
      "os": [
        "darwin"
      ],
      "engines": {
        "node": ">= 12"
      }
    },
    "node_modules/@yuuang/ffi-rs-darwin-x64": {
      "version": "1.3.2",
      "resolved": "https://registry.npmjs.org/@yuuang/ffi-rs-darwin-x64/-/ffi-rs-darwin-x64-1.3.2.tgz",
      "integrity": "sha512-O3AlVgre8FQcZRJe44Xs7A6iDLumoPXqbw40+eJCa2gyXaXyLPdHoWrS1W9rBCa1QZRRnG7zRulPVFw8C5uo8g==",
      "cpu": [
        "x64"
      ],
      "license": "MIT",
      "optional": true,
      "os": [
        "darwin"
      ],
      "engines": {
        "node": ">= 12"
      }
    },
    "node_modules/@yuuang/ffi-rs-linux-arm-gnueabihf": {
      "version": "1.3.2",
      "resolved": "https://registry.npmjs.org/@yuuang/ffi-rs-linux-arm-gnueabihf/-/ffi-rs-linux-arm-gnueabihf-1.3.2.tgz",
      "integrity": "sha512-IXiNdTbIcTCPny5eeElijFWYeKSJjQWSjt9ZyJNdLHYiB1Np+XD6K7wNZS6EOMgMelhW1kQE62T654skGkVDIA==",
      "cpu": [
        "arm"
      ],
      "license": "MIT",
      "optional": true,
      "os": [
        "linux"
      ],
      "engines": {
        "node": ">= 12"
      }
    },
    "node_modules/@yuuang/ffi-rs-linux-arm64-gnu": {
      "version": "1.3.2",
      "resolved": "https://registry.npmjs.org/@yuuang/ffi-rs-linux-arm64-gnu/-/ffi-rs-linux-arm64-gnu-1.3.2.tgz",
      "integrity": "sha512-gWFO6xufUK9lPYUqDvKa6IR243dPqdetgl9Q7HrZWaDu7wLo06QQrosw8QTzndafQnOcBKm6LoLujmGCfTgJOA==",
      "cpu": [
        "arm64"
      ],
      "license": "MIT",
      "optional": true,
      "os": [
        "linux"
      ],
      "engines": {
        "node": ">= 12"
      }
    },
    "node_modules/@yuuang/ffi-rs-linux-arm64-musl": {
      "version": "1.3.2",
      "resolved": "https://registry.npmjs.org/@yuuang/ffi-rs-linux-arm64-musl/-/ffi-rs-linux-arm64-musl-1.3.2.tgz",
      "integrity": "sha512-lejvOSqypPziQH5rzfkDlJ6e92qhWbDutE9ttOO6z5I2k83zoh9iZhZWhaXSU5VqgQpcshRkrbtXb9gy1ft5dA==",
      "cpu": [
        "arm64"
      ],
      "license": "MIT",
      "optional": true,
      "os": [
        "linux"
      ],
      "engines": {
        "node": ">= 12"
      }
    },
    "node_modules/@yuuang/ffi-rs-linux-x64-gnu": {
      "version": "1.3.2",
      "resolved": "https://registry.npmjs.org/@yuuang/ffi-rs-linux-x64-gnu/-/ffi-rs-linux-x64-gnu-1.3.2.tgz",
      "integrity": "sha512-s8VCFazaJKmgY2hgMTpWk4TtBY/zy5ovbaGgwyY0FvBD0YvyhcET4IrMsDJpHhFVTPCYfKZ1dN45clD/YiFp6g==",
      "cpu": [
        "x64"
      ],
      "license": "MIT",
      "optional": true,
      "os": [
        "linux"
      ],
      "engines": {
        "node": ">= 12"
      }
    },
    "node_modules/@yuuang/ffi-rs-linux-x64-musl": {
      "version": "1.3.2",
      "resolved": "https://registry.npmjs.org/@yuuang/ffi-rs-linux-x64-musl/-/ffi-rs-linux-x64-musl-1.3.2.tgz",
      "integrity": "sha512-Ahr5chfKZKWUik20bEZRug+be57LZ2yYrtolyjSRoo7A4ZniBUHBZUNWm6TD6i0CJayqyxWeVk/XiaABD8bY0w==",
      "cpu": [
        "x64"
      ],
      "license": "MIT",
      "optional": true,
      "os": [
        "linux"
      ],
      "engines": {
        "node": ">= 12"
      }
    },
    "node_modules/@yuuang/ffi-rs-win32-arm64-msvc": {
      "version": "1.3.2",
      "resolved": "https://registry.npmjs.org/@yuuang/ffi-rs-win32-arm64-msvc/-/ffi-rs-win32-arm64-msvc-1.3.2.tgz",
      "integrity": "sha512-yhpLcj0qel5VNlpzxPZfNmi7+rEX8444QHjUP6WWLxdRfqPllROu/Cp3OpkBpw3BLdxfcDhWkjWMD5QsJN0Pvg==",
      "cpu": [
        "arm64"
      ],
      "license": "MIT",
      "optional": true,
      "os": [
        "win32"
      ],
      "engines": {
        "node": ">= 12"
      }
    },
    "node_modules/@yuuang/ffi-rs-win32-ia32-msvc": {
      "version": "1.3.2",
      "resolved": "https://registry.npmjs.org/@yuuang/ffi-rs-win32-ia32-msvc/-/ffi-rs-win32-ia32-msvc-1.3.2.tgz",
      "integrity": "sha512-BFVSbdtg/7mJBw5kQFOPKFiA+SF7z3240HpzHN81Umm4Bp4dWkyx0msYn8+Q7/BBJiLQ4F6bi3Nftk58YA9r9w==",
      "cpu": [
        "x64",
        "ia32"
      ],
      "license": "MIT",
      "optional": true,
      "os": [
        "win32"
      ],
      "engines": {
        "node": ">= 12"
      }
    },
    "node_modules/@yuuang/ffi-rs-win32-x64-msvc": {
      "version": "1.3.2",
      "resolved": "https://registry.npmjs.org/@yuuang/ffi-rs-win32-x64-msvc/-/ffi-rs-win32-x64-msvc-1.3.2.tgz",
      "integrity": "sha512-ZL5MJ76n2rjwGo26kCWW7wK6QT/cee00Rx8pfW79pz6vM6jqfhoE7zTnwFiw4aOQUes9+HUc5DeeJ3z+Vb9oLg==",
      "cpu": [
        "x64"
      ],
      "license": "MIT",
      "optional": true,
      "os": [
        "win32"
      ],
      "engines": {
        "node": ">= 12"
      }
    },
    "node_modules/ansi-escapes": {
      "version": "7.3.0",
      "resolved": "https://registry.npmjs.org/ansi-escapes/-/ansi-escapes-7.3.0.tgz",
      "integrity": "sha512-BvU8nYgGQBxcmMuEeUEmNTvrMVjJNSH7RgW24vXexN4Ven6qCvy4TntnvlnwnMLTVlcRQQdbRY8NKnaIoeWDNg==",
      "dev": true,
      "license": "MIT",
      "dependencies": {
        "environment": "^1.0.0"
      },
      "engines": {
        "node": ">=18"
      },
      "funding": {
        "url": "https://github.com/sponsors/sindresorhus"
      }
    },
    "node_modules/ansi-regex": {
      "version": "6.2.2",
      "resolved": "https://registry.npmjs.org/ansi-regex/-/ansi-regex-6.2.2.tgz",
      "integrity": "sha512-Bq3SmSpyFHaWjPk8If9yc6svM8c56dB5BAtW4Qbw5jHTwwXXcTLoRMkpDJp6VL0XzlWaCHTXrkFURMYmD0sLqg==",
      "dev": true,
      "license": "MIT",
      "engines": {
        "node": ">=12"
      },
      "funding": {
        "url": "https://github.com/chalk/ansi-regex?sponsor=1"
      }
    },
    "node_modules/ansi-styles": {
      "version": "6.2.3",
      "resolved": "https://registry.npmjs.org/ansi-styles/-/ansi-styles-6.2.3.tgz",
      "integrity": "sha512-4Dj6M28JB+oAH8kFkTLUo+a2jwOFkuqb3yucU0CANcRRUbxS0cP0nZYCGjcc3BNXwRIsUVmDGgzawme7zvJHvg==",
      "dev": true,
      "license": "MIT",
      "engines": {
        "node": ">=12"
      },
      "funding": {
        "url": "https://github.com/chalk/ansi-styles?sponsor=1"
      }
    },
    "node_modules/cli-cursor": {
      "version": "5.0.0",
      "resolved": "https://registry.npmjs.org/cli-cursor/-/cli-cursor-5.0.0.tgz",
      "integrity": "sha512-aCj4O5wKyszjMmDT4tZj93kxyydN/K5zPWSCe6/0AV/AA1pqe5ZBIw0a2ZfPQV7lL5/yb5HsUreJ6UFAF1tEQw==",
      "dev": true,
      "license": "MIT",
      "dependencies": {
        "restore-cursor": "^5.0.0"
      },
      "engines": {
        "node": ">=18"
      },
      "funding": {
        "url": "https://github.com/sponsors/sindresorhus"
      }
    },
    "node_modules/cli-truncate": {
      "version": "5.2.0",
      "resolved": "https://registry.npmjs.org/cli-truncate/-/cli-truncate-5.2.0.tgz",
      "integrity": "sha512-xRwvIOMGrfOAnM1JYtqQImuaNtDEv9v6oIYAs4LIHwTiKee8uwvIi363igssOC0O5U04i4AlENs79LQLu9tEMw==",
      "dev": true,
      "license": "MIT",
      "dependencies": {
        "slice-ansi": "^8.0.0",
        "string-width": "^8.2.0"
      },
      "engines": {
        "node": ">=20"
      },
      "funding": {
        "url": "https://github.com/sponsors/sindresorhus"
      }
    },
    "node_modules/colorette": {
      "version": "2.0.20",
      "resolved": "https://registry.npmjs.org/colorette/-/colorette-2.0.20.tgz",
      "integrity": "sha512-IfEDxwoWIjkeXL1eXcDiow4UbKjhLdq6/EuSVR9GMN7KVH3r9gQ83e73hsz1Nd1T3ijd5xv1wcWRYO+D6kCI2w==",
      "dev": true,
      "license": "MIT"
    },
    "node_modules/commander": {
      "version": "14.0.3",
      "resolved": "https://registry.npmjs.org/commander/-/commander-14.0.3.tgz",
      "integrity": "sha512-H+y0Jo/T1RZ9qPP4Eh1pkcQcLRglraJaSLoyOtHxu6AapkjWVCy2Sit1QQ4x3Dng8qDlSsZEet7g5Pq06MvTgw==",
      "dev": true,
      "license": "MIT",
      "engines": {
        "node": ">=20"
      }
    },
    "node_modules/emoji-regex": {
      "version": "10.6.0",
      "resolved": "https://registry.npmjs.org/emoji-regex/-/emoji-regex-10.6.0.tgz",
      "integrity": "sha512-toUI84YS5YmxW219erniWD0CIVOo46xGKColeNQRgOzDorgBi1v4D71/OFzgD9GO2UGKIv1C3Sp8DAn0+j5w7A==",
      "dev": true,
      "license": "MIT"
    },
    "node_modules/environment": {
      "version": "1.1.0",
      "resolved": "https://registry.npmjs.org/environment/-/environment-1.1.0.tgz",
      "integrity": "sha512-xUtoPkMggbz0MPyPiIWr1Kp4aeWJjDZ6SMvURhimjdZgsRuDplF5/s9hcgGhyXMhs+6vpnuoiZ2kFiu3FMnS8Q==",
      "dev": true,
      "license": "MIT",
      "engines": {
        "node": ">=18"
      },
      "funding": {
        "url": "https://github.com/sponsors/sindresorhus"
      }
    },
    "node_modules/eventemitter3": {
      "version": "5.0.4",
      "resolved": "https://registry.npmjs.org/eventemitter3/-/eventemitter3-5.0.4.tgz",
      "integrity": "sha512-mlsTRyGaPBjPedk6Bvw+aqbsXDtoAyAzm5MO7JgU+yVRyMQ5O8bD4Kcci7BS85f93veegeCPkL8R4GLClnjLFw==",
      "dev": true,
      "license": "MIT"
    },
    "node_modules/ffi-rs": {
      "version": "1.3.2",
      "resolved": "https://registry.npmjs.org/ffi-rs/-/ffi-rs-1.3.2.tgz",
      "integrity": "sha512-4s8dX9VbBw/jd5NOuE3EJRqXaIVdjMyiumeeDzrOhtjQRwp6Bz2za7iksWXTnvTQKV/tTdm1s1w7mObe92zPjQ==",
      "license": "MIT",
      "optionalDependencies": {
        "@yuuang/ffi-rs-android-arm64": "1.3.2",
        "@yuuang/ffi-rs-darwin-arm64": "1.3.2",
        "@yuuang/ffi-rs-darwin-x64": "1.3.2",
        "@yuuang/ffi-rs-linux-arm-gnueabihf": "1.3.2",
        "@yuuang/ffi-rs-linux-arm64-gnu": "1.3.2",
        "@yuuang/ffi-rs-linux-arm64-musl": "1.3.2",
        "@yuuang/ffi-rs-linux-x64-gnu": "1.3.2",
        "@yuuang/ffi-rs-linux-x64-musl": "1.3.2",
        "@yuuang/ffi-rs-win32-arm64-msvc": "1.3.2",
        "@yuuang/ffi-rs-win32-ia32-msvc": "1.3.2",
        "@yuuang/ffi-rs-win32-x64-msvc": "1.3.2"
      }
    },
    "node_modules/get-east-asian-width": {
      "version": "1.5.0",
      "resolved": "https://registry.npmjs.org/get-east-asian-width/-/get-east-asian-width-1.5.0.tgz",
      "integrity": "sha512-CQ+bEO+Tva/qlmw24dCejulK5pMzVnUOFOijVogd3KQs07HnRIgp8TGipvCCRT06xeYEbpbgwaCxglFyiuIcmA==",
      "dev": true,
      "license": "MIT",
      "engines": {
        "node": ">=18"
      },
      "funding": {
        "url": "https://github.com/sponsors/sindresorhus"
      }
    },
    "node_modules/husky": {
      "version": "9.1.7",
      "resolved": "https://registry.npmjs.org/husky/-/husky-9.1.7.tgz",
      "integrity": "sha512-5gs5ytaNjBrh5Ow3zrvdUUY+0VxIuWVL4i9irt6friV+BqdCfmV11CQTWMiBYWHbXhco+J1kHfTOUkePhCDvMA==",
      "dev": true,
      "license": "MIT",
      "bin": {
        "husky": "bin.js"
      },
      "engines": {
        "node": ">=18"
      },
      "funding": {
        "url": "https://github.com/sponsors/typicode"
      }
    },
    "node_modules/is-fullwidth-code-point": {
      "version": "5.1.0",
      "resolved": "https://registry.npmjs.org/is-fullwidth-code-point/-/is-fullwidth-code-point-5.1.0.tgz",
      "integrity": "sha512-5XHYaSyiqADb4RnZ1Bdad6cPp8Toise4TzEjcOYDHZkTCbKgiUl7WTUCpNWHuxmDt91wnsZBc9xinNzopv3JMQ==",
      "dev": true,
      "license": "MIT",
      "dependencies": {
        "get-east-asian-width": "^1.3.1"
      },
      "engines": {
        "node": ">=18"
      },
      "funding": {
        "url": "https://github.com/sponsors/sindresorhus"
      }
    },
    "node_modules/lint-staged": {
      "version": "16.4.0",
      "resolved": "https://registry.npmjs.org/lint-staged/-/lint-staged-16.4.0.tgz",
      "integrity": "sha512-lBWt8hujh/Cjysw5GYVmZpFHXDCgZzhrOm8vbcUdobADZNOK/bRshr2kM3DfgrrtR1DQhfupW9gnIXOfiFi+bw==",
      "dev": true,
      "license": "MIT",
      "dependencies": {
        "commander": "^14.0.3",
        "listr2": "^9.0.5",
        "picomatch": "^4.0.3",
        "string-argv": "^0.3.2",
        "tinyexec": "^1.0.4",
        "yaml": "^2.8.2"
      },
      "bin": {
        "lint-staged": "bin/lint-staged.js"
      },
      "engines": {
        "node": ">=20.17"
      },
      "funding": {
        "url": "https://opencollective.com/lint-staged"
      }
    },
    "node_modules/listr2": {
      "version": "9.0.5",
      "resolved": "https://registry.npmjs.org/listr2/-/listr2-9.0.5.tgz",
      "integrity": "sha512-ME4Fb83LgEgwNw96RKNvKV4VTLuXfoKudAmm2lP8Kk87KaMK0/Xrx/aAkMWmT8mDb+3MlFDspfbCs7adjRxA2g==",
      "dev": true,
      "license": "MIT",
      "dependencies": {
        "cli-truncate": "^5.0.0",
        "colorette": "^2.0.20",
        "eventemitter3": "^5.0.1",
        "log-update": "^6.1.0",
        "rfdc": "^1.4.1",
        "wrap-ansi": "^9.0.0"
      },
      "engines": {
        "node": ">=20.0.0"
      }
    },
    "node_modules/log-update": {
      "version": "6.1.0",
      "resolved": "https://registry.npmjs.org/log-update/-/log-update-6.1.0.tgz",
      "integrity": "sha512-9ie8ItPR6tjY5uYJh8K/Zrv/RMZ5VOlOWvtZdEHYSTFKZfIBPQa9tOAEeAWhd+AnIneLJ22w5fjOYtoutpWq5w==",
      "dev": true,
      "license": "MIT",
      "dependencies": {
        "ansi-escapes": "^7.0.0",
        "cli-cursor": "^5.0.0",
        "slice-ansi": "^7.1.0",
        "strip-ansi": "^7.1.0",
        "wrap-ansi": "^9.0.0"
      },
      "engines": {
        "node": ">=18"
      },
      "funding": {
        "url": "https://github.com/sponsors/sindresorhus"
      }
    },
    "node_modules/log-update/node_modules/slice-ansi": {
      "version": "7.1.2",
      "resolved": "https://registry.npmjs.org/slice-ansi/-/slice-ansi-7.1.2.tgz",
      "integrity": "sha512-iOBWFgUX7caIZiuutICxVgX1SdxwAVFFKwt1EvMYYec/NWO5meOJ6K5uQxhrYBdQJne4KxiqZc+KptFOWFSI9w==",
      "dev": true,
      "license": "MIT",
      "dependencies": {
        "ansi-styles": "^6.2.1",
        "is-fullwidth-code-point": "^5.0.0"
      },
      "engines": {
        "node": ">=18"
      },
      "funding": {
        "url": "https://github.com/chalk/slice-ansi?sponsor=1"
      }
    },
    "node_modules/mimic-function": {
      "version": "5.0.1",
      "resolved": "https://registry.npmjs.org/mimic-function/-/mimic-function-5.0.1.tgz",
      "integrity": "sha512-VP79XUPxV2CigYP3jWwAUFSku2aKqBH7uTAapFWCBqutsbmDo96KY5o8uh6U+/YSIn5OxJnXp73beVkpqMIGhA==",
      "dev": true,
      "license": "MIT",
      "engines": {
        "node": ">=18"
      },
      "funding": {
        "url": "https://github.com/sponsors/sindresorhus"
      }
    },
    "node_modules/onetime": {
      "version": "7.0.0",
      "resolved": "https://registry.npmjs.org/onetime/-/onetime-7.0.0.tgz",
      "integrity": "sha512-VXJjc87FScF88uafS3JllDgvAm+c/Slfz06lorj2uAY34rlUu0Nt+v8wreiImcrgAjjIHp1rXpTDlLOGw29WwQ==",
      "dev": true,
      "license": "MIT",
      "dependencies": {
        "mimic-function": "^5.0.0"
      },
      "engines": {
        "node": ">=18"
      },
      "funding": {
        "url": "https://github.com/sponsors/sindresorhus"
      }
    },
    "node_modules/picomatch": {
      "version": "4.0.4",
      "resolved": "https://registry.npmjs.org/picomatch/-/picomatch-4.0.4.tgz",
      "integrity": "sha512-QP88BAKvMam/3NxH6vj2o21R6MjxZUAd6nlwAS/pnGvN9IVLocLHxGYIzFhg6fUQ+5th6P4dv4eW9jX3DSIj7A==",
      "dev": true,
      "license": "MIT",
      "engines": {
        "node": ">=12"
      },
      "funding": {
        "url": "https://github.com/sponsors/jonschlinkert"
      }
    },
    "node_modules/prettier": {
      "version": "3.8.3",
      "resolved": "https://registry.npmjs.org/prettier/-/prettier-3.8.3.tgz",
      "integrity": "sha512-7igPTM53cGHMW8xWuVTydi2KO233VFiTNyF5hLJqpilHfmn8C8gPf+PS7dUT64YcXFbiMGZxS9pCSxL/Dxm/Jw==",
      "dev": true,
      "license": "MIT",
      "bin": {
        "prettier": "bin/prettier.cjs"
      },
      "engines": {
        "node": ">=14"
      },
      "funding": {
        "url": "https://github.com/prettier/prettier?sponsor=1"
      }
    },
    "node_modules/restore-cursor": {
      "version": "5.1.0",
      "resolved": "https://registry.npmjs.org/restore-cursor/-/restore-cursor-5.1.0.tgz",
      "integrity": "sha512-oMA2dcrw6u0YfxJQXm342bFKX/E4sG9rbTzO9ptUcR/e8A33cHuvStiYOwH7fszkZlZ1z/ta9AAoPk2F4qIOHA==",
      "dev": true,
      "license": "MIT",
      "dependencies": {
        "onetime": "^7.0.0",
        "signal-exit": "^4.1.0"
      },
      "engines": {
        "node": ">=18"
      },
      "funding": {
        "url": "https://github.com/sponsors/sindresorhus"
      }
    },
    "node_modules/rfdc": {
      "version": "1.4.1",
      "resolved": "https://registry.npmjs.org/rfdc/-/rfdc-1.4.1.tgz",
      "integrity": "sha512-q1b3N5QkRUWUl7iyylaaj3kOpIT0N2i9MqIEQXP73GVsN9cw3fdx8X63cEmWhJGi2PPCF23Ijp7ktmd39rawIA==",
      "dev": true,
      "license": "MIT"
    },
    "node_modules/signal-exit": {
      "version": "4.1.0",
      "resolved": "https://registry.npmjs.org/signal-exit/-/signal-exit-4.1.0.tgz",
      "integrity": "sha512-bzyZ1e88w9O1iNJbKnOlvYTrWPDl46O1bG0D3XInv+9tkPrxrN8jUUTiFlDkkmKWgn1M6CfIA13SuGqOa9Korw==",
      "dev": true,
      "license": "ISC",
      "engines": {
        "node": ">=14"
      },
      "funding": {
        "url": "https://github.com/sponsors/isaacs"
      }
    },
    "node_modules/slice-ansi": {
      "version": "8.0.0",
      "resolved": "https://registry.npmjs.org/slice-ansi/-/slice-ansi-8.0.0.tgz",
      "integrity": "sha512-stxByr12oeeOyY2BlviTNQlYV5xOj47GirPr4yA1hE9JCtxfQN0+tVbkxwCtYDQWhEKWFHsEK48ORg5jrouCAg==",
      "dev": true,
      "license": "MIT",
      "dependencies": {
        "ansi-styles": "^6.2.3",
        "is-fullwidth-code-point": "^5.1.0"
      },
      "engines": {
        "node": ">=20"
      },
      "funding": {
        "url": "https://github.com/chalk/slice-ansi?sponsor=1"
      }
    },
    "node_modules/string-argv": {
      "version": "0.3.2",
      "resolved": "https://registry.npmjs.org/string-argv/-/string-argv-0.3.2.tgz",
      "integrity": "sha512-aqD2Q0144Z+/RqG52NeHEkZauTAUWJO8c6yTftGJKO3Tja5tUgIfmIl6kExvhtxSDP7fXB6DvzkfMpCd/F3G+Q==",
      "dev": true,
      "license": "MIT",
      "engines": {
        "node": ">=0.6.19"
      }
    },
    "node_modules/string-width": {
      "version": "8.2.1",
      "resolved": "https://registry.npmjs.org/string-width/-/string-width-8.2.1.tgz",
      "integrity": "sha512-IIaP0g3iy9Cyy18w3M9YcaDudujEAVHKt3a3QJg1+sr/oX96TbaGUubG0hJyCjCBThFH+tFpcIyoUHUn1ogaLA==",
      "dev": true,
      "license": "MIT",
      "dependencies": {
        "get-east-asian-width": "^1.5.0",
        "strip-ansi": "^7.1.2"
      },
      "engines": {
        "node": ">=20"
      },
      "funding": {
        "url": "https://github.com/sponsors/sindresorhus"
      }
    },
    "node_modules/strip-ansi": {
      "version": "7.2.0",
      "resolved": "https://registry.npmjs.org/strip-ansi/-/strip-ansi-7.2.0.tgz",
      "integrity": "sha512-yDPMNjp4WyfYBkHnjIRLfca1i6KMyGCtsVgoKe/z1+6vukgaENdgGBZt+ZmKPc4gavvEZ5OgHfHdrazhgNyG7w==",
      "dev": true,
      "license": "MIT",
      "dependencies": {
        "ansi-regex": "^6.2.2"
      },
      "engines": {
        "node": ">=12"
      },
      "funding": {
        "url": "https://github.com/chalk/strip-ansi?sponsor=1"
      }
    },
    "node_modules/tinyexec": {
      "version": "1.1.2",
      "resolved": "https://registry.npmjs.org/tinyexec/-/tinyexec-1.1.2.tgz",
      "integrity": "sha512-dAqSqE/RabpBKI8+h26GfLq6Vb3JVXs30XYQjdMjaj/c2tS8IYYMbIzP599KtRj7c57/wYApb3QjgRgXmrCukA==",
      "dev": true,
      "license": "MIT",
      "engines": {
        "node": ">=18"
      }
    },
    "node_modules/wrap-ansi": {
      "version": "9.0.2",
      "resolved": "https://registry.npmjs.org/wrap-ansi/-/wrap-ansi-9.0.2.tgz",
      "integrity": "sha512-42AtmgqjV+X1VpdOfyTGOYRi0/zsoLqtXQckTmqTeybT+BDIbM/Guxo7x3pE2vtpr1ok6xRqM9OpBe+Jyoqyww==",
      "dev": true,
      "license": "MIT",
      "dependencies": {
        "ansi-styles": "^6.2.1",
        "string-width": "^7.0.0",
        "strip-ansi": "^7.1.0"
      },
      "engines": {
        "node": ">=18"
      },
      "funding": {
        "url": "https://github.com/chalk/wrap-ansi?sponsor=1"
      }
    },
    "node_modules/wrap-ansi/node_modules/string-width": {
      "version": "7.2.0",
      "resolved": "https://registry.npmjs.org/string-width/-/string-width-7.2.0.tgz",
      "integrity": "sha512-tsaTIkKW9b4N+AEj+SVA+WhJzV7/zMhcSu78mLKWSk7cXMOSHsBKFWUs0fWwq8QyK3MgJBQRX6Gbi4kYbdvGkQ==",
      "dev": true,
      "license": "MIT",
      "dependencies": {
        "emoji-regex": "^10.3.0",
        "get-east-asian-width": "^1.0.0",
        "strip-ansi": "^7.1.0"
      },
      "engines": {
        "node": ">=18"
      },
      "funding": {
        "url": "https://github.com/sponsors/sindresorhus"
      }
    },
    "node_modules/yaml": {
      "version": "2.8.4",
      "resolved": "https://registry.npmjs.org/yaml/-/yaml-2.8.4.tgz",
      "integrity": "sha512-ml/JPOj9fOQK8RNnWojA67GbZ0ApXAUlN2UQclwv2eVgTgn7O9gg9o7paZWKMp4g0H3nTLtS9LVzhkpOFIKzog==",
      "dev": true,
      "license": "ISC",
      "bin": {
        "yaml": "bin.mjs"
      },
      "engines": {
        "node": ">= 14.6"
      },
      "funding": {
        "url": "https://github.com/sponsors/eemeli"
      }
    }
  }
}
